// !$*UTF8*$!
{
	archiveVersion = 1;
	classes = {
	};
	objectVersion = 55;
	objects = {

/* Begin PBXBuildFile section */
		3A5AE16B28644B5200DBBC4D /* Natrium.swift in Sources */ = {isa = PBXBuildFile; fileRef = 3A5AE16A28644B5200DBBC4D /* Natrium.swift */; };
		3A5AE17328644F4500DBBC4D /* DefaultWebRepository+OpenWeatherMaps.swift in Sources */ = {isa = PBXBuildFile; fileRef = 3A5AE17228644F4500DBBC4D /* DefaultWebRepository+OpenWeatherMaps.swift */; };
		3A5AE175286450C200DBBC4D /* DefaultWebRepository+OpenWeatherMaps+Tests.swift in Sources */ = {isa = PBXBuildFile; fileRef = 3A5AE174286450C200DBBC4D /* DefaultWebRepository+OpenWeatherMaps+Tests.swift */; };
		3A5AE177286456F500DBBC4D /* DefaultRemoteWeatherRepositoryTests.swift in Sources */ = {isa = PBXBuildFile; fileRef = 3A5AE176286456F500DBBC4D /* DefaultRemoteWeatherRepositoryTests.swift */; };
		3A5AE1792864572C00DBBC4D /* SpyWebRepository.swift in Sources */ = {isa = PBXBuildFile; fileRef = 3A5AE1782864572C00DBBC4D /* SpyWebRepository.swift */; };
		3A784FBE2862C3330094FF63 /* AppDelegate.swift in Sources */ = {isa = PBXBuildFile; fileRef = 3A784FBD2862C3330094FF63 /* AppDelegate.swift */; };
		3A784FC02862C3330094FF63 /* SceneDelegate.swift in Sources */ = {isa = PBXBuildFile; fileRef = 3A784FBF2862C3330094FF63 /* SceneDelegate.swift */; };
		3A784FC22862C3330094FF63 /* ViewController.swift in Sources */ = {isa = PBXBuildFile; fileRef = 3A784FC12862C3330094FF63 /* ViewController.swift */; };
		3A784FC52862C3330094FF63 /* Main.storyboard in Resources */ = {isa = PBXBuildFile; fileRef = 3A784FC32862C3330094FF63 /* Main.storyboard */; };
		3A784FC72862C3350094FF63 /* Assets.xcassets in Resources */ = {isa = PBXBuildFile; fileRef = 3A784FC62862C3350094FF63 /* Assets.xcassets */; };
		3A784FCA2862C3350094FF63 /* LaunchScreen.storyboard in Resources */ = {isa = PBXBuildFile; fileRef = 3A784FC82862C3350094FF63 /* LaunchScreen.storyboard */; };
		3A784FD52862C3350094FF63 /* OpenWeatherMapsTests.swift in Sources */ = {isa = PBXBuildFile; fileRef = 3A784FD42862C3350094FF63 /* OpenWeatherMapsTests.swift */; };
		3A784FDF2862C3350094FF63 /* OpenWeatherMapsUITests.swift in Sources */ = {isa = PBXBuildFile; fileRef = 3A784FDE2862C3350094FF63 /* OpenWeatherMapsUITests.swift */; };
		3A784FE12862C3350094FF63 /* OpenWeatherMapsUITestsLaunchTests.swift in Sources */ = {isa = PBXBuildFile; fileRef = 3A784FE02862C3350094FF63 /* OpenWeatherMapsUITestsLaunchTests.swift */; };
		3A784FF02862C6E10094FF63 /* WeatherUseCase.swift in Sources */ = {isa = PBXBuildFile; fileRef = 3A784FEF2862C6E10094FF63 /* WeatherUseCase.swift */; };
		3A784FF62862CE820094FF63 /* Forecast.swift in Sources */ = {isa = PBXBuildFile; fileRef = 3A784FF52862CE820094FF63 /* Forecast.swift */; };
		3A784FF82862CEB30094FF63 /* City.swift in Sources */ = {isa = PBXBuildFile; fileRef = 3A784FF72862CEB30094FF63 /* City.swift */; };
		3A784FFC2862CFEC0094FF63 /* Temperature.swift in Sources */ = {isa = PBXBuildFile; fileRef = 3A784FFB2862CFEC0094FF63 /* Temperature.swift */; };
		3A784FFE2862D2480094FF63 /* DailyForecastResponse.swift in Sources */ = {isa = PBXBuildFile; fileRef = 3A784FFD2862D2480094FF63 /* DailyForecastResponse.swift */; };
		3A785002286425BF0094FF63 /* RemoteWeatherRepository.swift in Sources */ = {isa = PBXBuildFile; fileRef = 3A785001286425BF0094FF63 /* RemoteWeatherRepository.swift */; };
		3A785005286427140094FF63 /* Networkable in Frameworks */ = {isa = PBXBuildFile; productRef = 3A785004286427140094FF63 /* Networkable */; };
		3A9FD36D28645C1A00134B9A /* SpyURLRequestBuildable.swift in Sources */ = {isa = PBXBuildFile; fileRef = 3A9FD36C28645C1A00134B9A /* SpyURLRequestBuildable.swift */; };
		3A9FD37028645D5C00134B9A /* StubbedURLProtocol.swift in Sources */ = {isa = PBXBuildFile; fileRef = 3A9FD36E28645D5C00134B9A /* StubbedURLProtocol.swift */; };
		3A9FD37128645D5C00134B9A /* URLSession+Stubbed.swift in Sources */ = {isa = PBXBuildFile; fileRef = 3A9FD36F28645D5C00134B9A /* URLSession+Stubbed.swift */; };
		3A9FD3742864677100134B9A /* DummyError.swift in Sources */ = {isa = PBXBuildFile; fileRef = 3A9FD3732864677100134B9A /* DummyError.swift */; };
/* End PBXBuildFile section */

/* Begin PBXContainerItemProxy section */
		3A784FD12862C3350094FF63 /* PBXContainerItemProxy */ = {
			isa = PBXContainerItemProxy;
			containerPortal = 3A784FB22862C3330094FF63 /* Project object */;
			proxyType = 1;
			remoteGlobalIDString = 3A784FB92862C3330094FF63;
			remoteInfo = OpenWeatherMaps;
		};
		3A784FDB2862C3350094FF63 /* PBXContainerItemProxy */ = {
			isa = PBXContainerItemProxy;
			containerPortal = 3A784FB22862C3330094FF63 /* Project object */;
			proxyType = 1;
			remoteGlobalIDString = 3A784FB92862C3330094FF63;
			remoteInfo = OpenWeatherMaps;
		};
/* End PBXContainerItemProxy section */

/* Begin PBXFileReference section */
		3A5AE1642864468300DBBC4D /* vi */ = {isa = PBXFileReference; lastKnownFileType = text.plist.strings; name = vi; path = vi.lproj/Main.strings; sourceTree = "<group>"; };
		3A5AE1652864468300DBBC4D /* vi */ = {isa = PBXFileReference; lastKnownFileType = text.plist.strings; name = vi; path = vi.lproj/LaunchScreen.strings; sourceTree = "<group>"; };
		3A5AE16A28644B5200DBBC4D /* Natrium.swift */ = {isa = PBXFileReference; fileEncoding = 4; lastKnownFileType = sourcecode.swift; name = Natrium.swift; path = .natrium/Natrium.swift; sourceTree = "<group>"; };
		3A5AE17228644F4500DBBC4D /* DefaultWebRepository+OpenWeatherMaps.swift */ = {isa = PBXFileReference; lastKnownFileType = sourcecode.swift; path = "DefaultWebRepository+OpenWeatherMaps.swift"; sourceTree = "<group>"; };
		3A5AE174286450C200DBBC4D /* DefaultWebRepository+OpenWeatherMaps+Tests.swift */ = {isa = PBXFileReference; lastKnownFileType = sourcecode.swift; path = "DefaultWebRepository+OpenWeatherMaps+Tests.swift"; sourceTree = "<group>"; };
		3A5AE176286456F500DBBC4D /* DefaultRemoteWeatherRepositoryTests.swift */ = {isa = PBXFileReference; lastKnownFileType = sourcecode.swift; path = DefaultRemoteWeatherRepositoryTests.swift; sourceTree = "<group>"; };
		3A5AE1782864572C00DBBC4D /* SpyWebRepository.swift */ = {isa = PBXFileReference; lastKnownFileType = sourcecode.swift; path = SpyWebRepository.swift; sourceTree = "<group>"; };
		3A784FBA2862C3330094FF63 /* OpenWeatherMaps.app */ = {isa = PBXFileReference; explicitFileType = wrapper.application; includeInIndex = 0; path = OpenWeatherMaps.app; sourceTree = BUILT_PRODUCTS_DIR; };
		3A784FBD2862C3330094FF63 /* AppDelegate.swift */ = {isa = PBXFileReference; lastKnownFileType = sourcecode.swift; path = AppDelegate.swift; sourceTree = "<group>"; };
		3A784FBF2862C3330094FF63 /* SceneDelegate.swift */ = {isa = PBXFileReference; lastKnownFileType = sourcecode.swift; path = SceneDelegate.swift; sourceTree = "<group>"; };
		3A784FC12862C3330094FF63 /* ViewController.swift */ = {isa = PBXFileReference; lastKnownFileType = sourcecode.swift; path = ViewController.swift; sourceTree = "<group>"; };
		3A784FC42862C3330094FF63 /* Base */ = {isa = PBXFileReference; lastKnownFileType = file.storyboard; name = Base; path = Base.lproj/Main.storyboard; sourceTree = "<group>"; };
		3A784FC62862C3350094FF63 /* Assets.xcassets */ = {isa = PBXFileReference; lastKnownFileType = folder.assetcatalog; path = Assets.xcassets; sourceTree = "<group>"; };
		3A784FC92862C3350094FF63 /* Base */ = {isa = PBXFileReference; lastKnownFileType = file.storyboard; name = Base; path = Base.lproj/LaunchScreen.storyboard; sourceTree = "<group>"; };
		3A784FCB2862C3350094FF63 /* Info.plist */ = {isa = PBXFileReference; lastKnownFileType = text.plist.xml; path = Info.plist; sourceTree = "<group>"; };
		3A784FD02862C3350094FF63 /* OpenWeatherMapsTests.xctest */ = {isa = PBXFileReference; explicitFileType = wrapper.cfbundle; includeInIndex = 0; path = OpenWeatherMapsTests.xctest; sourceTree = BUILT_PRODUCTS_DIR; };
		3A784FD42862C3350094FF63 /* OpenWeatherMapsTests.swift */ = {isa = PBXFileReference; lastKnownFileType = sourcecode.swift; path = OpenWeatherMapsTests.swift; sourceTree = "<group>"; };
		3A784FDA2862C3350094FF63 /* OpenWeatherMapsUITests.xctest */ = {isa = PBXFileReference; explicitFileType = wrapper.cfbundle; includeInIndex = 0; path = OpenWeatherMapsUITests.xctest; sourceTree = BUILT_PRODUCTS_DIR; };
		3A784FDE2862C3350094FF63 /* OpenWeatherMapsUITests.swift */ = {isa = PBXFileReference; lastKnownFileType = sourcecode.swift; path = OpenWeatherMapsUITests.swift; sourceTree = "<group>"; };
		3A784FE02862C3350094FF63 /* OpenWeatherMapsUITestsLaunchTests.swift */ = {isa = PBXFileReference; lastKnownFileType = sourcecode.swift; path = OpenWeatherMapsUITestsLaunchTests.swift; sourceTree = "<group>"; };
		3A784FED2862C6630094FF63 /* OpenWeatherMaps.xctestplan */ = {isa = PBXFileReference; lastKnownFileType = text; path = OpenWeatherMaps.xctestplan; sourceTree = "<group>"; };
		3A784FEF2862C6E10094FF63 /* WeatherUseCase.swift */ = {isa = PBXFileReference; lastKnownFileType = sourcecode.swift; path = WeatherUseCase.swift; sourceTree = "<group>"; };
		3A784FF52862CE820094FF63 /* Forecast.swift */ = {isa = PBXFileReference; lastKnownFileType = sourcecode.swift; path = Forecast.swift; sourceTree = "<group>"; };
		3A784FF72862CEB30094FF63 /* City.swift */ = {isa = PBXFileReference; lastKnownFileType = sourcecode.swift; path = City.swift; sourceTree = "<group>"; };
		3A784FFB2862CFEC0094FF63 /* Temperature.swift */ = {isa = PBXFileReference; lastKnownFileType = sourcecode.swift; path = Temperature.swift; sourceTree = "<group>"; };
		3A784FFD2862D2480094FF63 /* DailyForecastResponse.swift */ = {isa = PBXFileReference; lastKnownFileType = sourcecode.swift; path = DailyForecastResponse.swift; sourceTree = "<group>"; };
		3A785001286425BF0094FF63 /* RemoteWeatherRepository.swift */ = {isa = PBXFileReference; lastKnownFileType = sourcecode.swift; path = RemoteWeatherRepository.swift; sourceTree = "<group>"; };
		3A9FD36C28645C1A00134B9A /* SpyURLRequestBuildable.swift */ = {isa = PBXFileReference; fileEncoding = 4; lastKnownFileType = sourcecode.swift; path = SpyURLRequestBuildable.swift; sourceTree = "<group>"; };
		3A9FD36E28645D5C00134B9A /* StubbedURLProtocol.swift */ = {isa = PBXFileReference; fileEncoding = 4; lastKnownFileType = sourcecode.swift; path = StubbedURLProtocol.swift; sourceTree = "<group>"; };
		3A9FD36F28645D5C00134B9A /* URLSession+Stubbed.swift */ = {isa = PBXFileReference; fileEncoding = 4; lastKnownFileType = sourcecode.swift; path = "URLSession+Stubbed.swift"; sourceTree = "<group>"; };
		3A9FD3732864677100134B9A /* DummyError.swift */ = {isa = PBXFileReference; fileEncoding = 4; lastKnownFileType = sourcecode.swift; path = DummyError.swift; sourceTree = "<group>"; };
/* End PBXFileReference section */

/* Begin PBXFrameworksBuildPhase section */
		3A784FB72862C3330094FF63 /* Frameworks */ = {
			isa = PBXFrameworksBuildPhase;
			buildActionMask = 2147483647;
			files = (
				3A785005286427140094FF63 /* Networkable in Frameworks */,
			);
			runOnlyForDeploymentPostprocessing = 0;
		};
		3A784FCD2862C3350094FF63 /* Frameworks */ = {
			isa = PBXFrameworksBuildPhase;
			buildActionMask = 2147483647;
			files = (
			);
			runOnlyForDeploymentPostprocessing = 0;
		};
		3A784FD72862C3350094FF63 /* Frameworks */ = {
			isa = PBXFrameworksBuildPhase;
			buildActionMask = 2147483647;
			files = (
			);
			runOnlyForDeploymentPostprocessing = 0;
		};
/* End PBXFrameworksBuildPhase section */

/* Begin PBXGroup section */
		3A5AE16C28644DC100DBBC4D /* App */ = {
			isa = PBXGroup;
			children = (
				3A784FBD2862C3330094FF63 /* AppDelegate.swift */,
				3A784FBF2862C3330094FF63 /* SceneDelegate.swift */,
			);
			path = App;
			sourceTree = "<group>";
		};
		3A5AE16F28644EA000DBBC4D /* Utilities */ = {
			isa = PBXGroup;
			children = (
				3A5AE17228644F4500DBBC4D /* DefaultWebRepository+OpenWeatherMaps.swift */,
			);
			path = Utilities;
			sourceTree = "<group>";
		};
		3A784FB12862C3330094FF63 = {
			isa = PBXGroup;
			children = (
				3A784FED2862C6630094FF63 /* OpenWeatherMaps.xctestplan */,
				3A5AE16A28644B5200DBBC4D /* Natrium.swift */,
				3A784FBC2862C3330094FF63 /* OpenWeatherMaps */,
				3A784FD32862C3350094FF63 /* OpenWeatherMapsTests */,
				3A784FDD2862C3350094FF63 /* OpenWeatherMapsUITests */,
				3A784FBB2862C3330094FF63 /* Products */,
			);
			sourceTree = "<group>";
		};
		3A784FBB2862C3330094FF63 /* Products */ = {
			isa = PBXGroup;
			children = (
				3A784FBA2862C3330094FF63 /* OpenWeatherMaps.app */,
				3A784FD02862C3350094FF63 /* OpenWeatherMapsTests.xctest */,
				3A784FDA2862C3350094FF63 /* OpenWeatherMapsUITests.xctest */,
			);
			name = Products;
			sourceTree = "<group>";
		};
		3A784FBC2862C3330094FF63 /* OpenWeatherMaps */ = {
			isa = PBXGroup;
			children = (
				3A5AE16F28644EA000DBBC4D /* Utilities */,
				3A5AE16C28644DC100DBBC4D /* App */,
				3A784FEE2862C6D20094FF63 /* UseCases */,
				3A784FC12862C3330094FF63 /* ViewController.swift */,
				3A784FC32862C3330094FF63 /* Main.storyboard */,
				3A784FC62862C3350094FF63 /* Assets.xcassets */,
				3A784FC82862C3350094FF63 /* LaunchScreen.storyboard */,
				3A784FCB2862C3350094FF63 /* Info.plist */,
			);
			path = OpenWeatherMaps;
			sourceTree = "<group>";
		};
		3A784FD32862C3350094FF63 /* OpenWeatherMapsTests */ = {
			isa = PBXGroup;
			children = (
				3A9FD36B28645A9F00134B9A /* TestDoubles */,
				3A784FD42862C3350094FF63 /* OpenWeatherMapsTests.swift */,
				3A5AE174286450C200DBBC4D /* DefaultWebRepository+OpenWeatherMaps+Tests.swift */,
				3A5AE176286456F500DBBC4D /* DefaultRemoteWeatherRepositoryTests.swift */,
			);
			path = OpenWeatherMapsTests;
			sourceTree = "<group>";
		};
		3A784FDD2862C3350094FF63 /* OpenWeatherMapsUITests */ = {
			isa = PBXGroup;
			children = (
				3A784FDE2862C3350094FF63 /* OpenWeatherMapsUITests.swift */,
				3A784FE02862C3350094FF63 /* OpenWeatherMapsUITestsLaunchTests.swift */,
			);
			path = OpenWeatherMapsUITests;
			sourceTree = "<group>";
		};
		3A784FEE2862C6D20094FF63 /* UseCases */ = {
			isa = PBXGroup;
			children = (
				3A784FFF2862D25A0094FF63 /* Weathers */,
			);
			path = UseCases;
			sourceTree = "<group>";
		};
		3A784FF42862CE150094FF63 /* Models */ = {
			isa = PBXGroup;
			children = (
				3A784FF52862CE820094FF63 /* Forecast.swift */,
				3A784FF72862CEB30094FF63 /* City.swift */,
				3A784FFB2862CFEC0094FF63 /* Temperature.swift */,
				3A784FFD2862D2480094FF63 /* DailyForecastResponse.swift */,
			);
			path = Models;
			sourceTree = "<group>";
		};
		3A784FFF2862D25A0094FF63 /* Weathers */ = {
			isa = PBXGroup;
			children = (
				3A7850002862D7F20094FF63 /* Repositories */,
				3A784FF42862CE150094FF63 /* Models */,
				3A784FEF2862C6E10094FF63 /* WeatherUseCase.swift */,
			);
			path = Weathers;
			sourceTree = "<group>";
		};
		3A7850002862D7F20094FF63 /* Repositories */ = {
			isa = PBXGroup;
			children = (
				3A785001286425BF0094FF63 /* RemoteWeatherRepository.swift */,
			);
			path = Repositories;
			sourceTree = "<group>";
		};
		3A9FD36B28645A9F00134B9A /* TestDoubles */ = {
			isa = PBXGroup;
			children = (
				3A9FD3732864677100134B9A /* DummyError.swift */,
				3A9FD36C28645C1A00134B9A /* SpyURLRequestBuildable.swift */,
				3A5AE1782864572C00DBBC4D /* SpyWebRepository.swift */,
				3A9FD36E28645D5C00134B9A /* StubbedURLProtocol.swift */,
				3A9FD36F28645D5C00134B9A /* URLSession+Stubbed.swift */,
			);
			path = TestDoubles;
			sourceTree = "<group>";
		};
/* End PBXGroup section */

/* Begin PBXNativeTarget section */
		3A784FB92862C3330094FF63 /* OpenWeatherMaps */ = {
			isa = PBXNativeTarget;
			buildConfigurationList = 3A784FE42862C3350094FF63 /* Build configuration list for PBXNativeTarget "OpenWeatherMaps" */;
			buildPhases = (
				3A784FB62862C3330094FF63 /* Sources */,
				3A784FB72862C3330094FF63 /* Frameworks */,
				3A784FB82862C3330094FF63 /* Resources */,
			);
			buildRules = (
			);
			dependencies = (
			);
			name = OpenWeatherMaps;
			packageProductDependencies = (
				3A785004286427140094FF63 /* Networkable */,
			);
			productName = OpenWeatherMaps;
			productReference = 3A784FBA2862C3330094FF63 /* OpenWeatherMaps.app */;
			productType = "com.apple.product-type.application";
		};
		3A784FCF2862C3350094FF63 /* OpenWeatherMapsTests */ = {
			isa = PBXNativeTarget;
			buildConfigurationList = 3A784FE72862C3350094FF63 /* Build configuration list for PBXNativeTarget "OpenWeatherMapsTests" */;
			buildPhases = (
				3A784FCC2862C3350094FF63 /* Sources */,
				3A784FCD2862C3350094FF63 /* Frameworks */,
				3A784FCE2862C3350094FF63 /* Resources */,
			);
			buildRules = (
			);
			dependencies = (
				3A784FD22862C3350094FF63 /* PBXTargetDependency */,
			);
			name = OpenWeatherMapsTests;
			productName = OpenWeatherMapsTests;
			productReference = 3A784FD02862C3350094FF63 /* OpenWeatherMapsTests.xctest */;
			productType = "com.apple.product-type.bundle.unit-test";
		};
		3A784FD92862C3350094FF63 /* OpenWeatherMapsUITests */ = {
			isa = PBXNativeTarget;
			buildConfigurationList = 3A784FEA2862C3350094FF63 /* Build configuration list for PBXNativeTarget "OpenWeatherMapsUITests" */;
			buildPhases = (
				3A784FD62862C3350094FF63 /* Sources */,
				3A784FD72862C3350094FF63 /* Frameworks */,
				3A784FD82862C3350094FF63 /* Resources */,
			);
			buildRules = (
			);
			dependencies = (
				3A784FDC2862C3350094FF63 /* PBXTargetDependency */,
			);
			name = OpenWeatherMapsUITests;
			productName = OpenWeatherMapsUITests;
			productReference = 3A784FDA2862C3350094FF63 /* OpenWeatherMapsUITests.xctest */;
			productType = "com.apple.product-type.bundle.ui-testing";
		};
/* End PBXNativeTarget section */

/* Begin PBXProject section */
		3A784FB22862C3330094FF63 /* Project object */ = {
			isa = PBXProject;
			attributes = {
				BuildIndependentTargetsInParallel = 1;
				LastSwiftUpdateCheck = 1340;
				LastUpgradeCheck = 1340;
				TargetAttributes = {
					3A784FB92862C3330094FF63 = {
						CreatedOnToolsVersion = 13.4.1;
					};
					3A784FCF2862C3350094FF63 = {
						CreatedOnToolsVersion = 13.4.1;
						TestTargetID = 3A784FB92862C3330094FF63;
					};
					3A784FD92862C3350094FF63 = {
						CreatedOnToolsVersion = 13.4.1;
						TestTargetID = 3A784FB92862C3330094FF63;
					};
				};
			};
			buildConfigurationList = 3A784FB52862C3330094FF63 /* Build configuration list for PBXProject "OpenWeatherMaps" */;
			compatibilityVersion = "Xcode 13.0";
			developmentRegion = en;
			hasScannedForEncodings = 0;
			knownRegions = (
				en,
				Base,
				vi,
			);
			mainGroup = 3A784FB12862C3330094FF63;
			packageReferences = (
				3A785003286427140094FF63 /* XCRemoteSwiftPackageReference "Networkable" */,
			);
			productRefGroup = 3A784FBB2862C3330094FF63 /* Products */;
			projectDirPath = "";
			projectRoot = "";
			targets = (
				3A784FB92862C3330094FF63 /* OpenWeatherMaps */,
				3A784FCF2862C3350094FF63 /* OpenWeatherMapsTests */,
				3A784FD92862C3350094FF63 /* OpenWeatherMapsUITests */,
			);
		};
/* End PBXProject section */

/* Begin PBXResourcesBuildPhase section */
		3A784FB82862C3330094FF63 /* Resources */ = {
			isa = PBXResourcesBuildPhase;
			buildActionMask = 2147483647;
			files = (
				3A784FCA2862C3350094FF63 /* LaunchScreen.storyboard in Resources */,
				3A784FC72862C3350094FF63 /* Assets.xcassets in Resources */,
				3A784FC52862C3330094FF63 /* Main.storyboard in Resources */,
			);
			runOnlyForDeploymentPostprocessing = 0;
		};
		3A784FCE2862C3350094FF63 /* Resources */ = {
			isa = PBXResourcesBuildPhase;
			buildActionMask = 2147483647;
			files = (
			);
			runOnlyForDeploymentPostprocessing = 0;
		};
		3A784FD82862C3350094FF63 /* Resources */ = {
			isa = PBXResourcesBuildPhase;
			buildActionMask = 2147483647;
			files = (
			);
			runOnlyForDeploymentPostprocessing = 0;
		};
/* End PBXResourcesBuildPhase section */

/* Begin PBXSourcesBuildPhase section */
		3A784FB62862C3330094FF63 /* Sources */ = {
			isa = PBXSourcesBuildPhase;
			buildActionMask = 2147483647;
			files = (
				3A5AE17328644F4500DBBC4D /* DefaultWebRepository+OpenWeatherMaps.swift in Sources */,
				3A784FF02862C6E10094FF63 /* WeatherUseCase.swift in Sources */,
				3A784FC22862C3330094FF63 /* ViewController.swift in Sources */,
				3A784FF82862CEB30094FF63 /* City.swift in Sources */,
				3A784FBE2862C3330094FF63 /* AppDelegate.swift in Sources */,
				3A784FC02862C3330094FF63 /* SceneDelegate.swift in Sources */,
				3A784FFC2862CFEC0094FF63 /* Temperature.swift in Sources */,
				3A784FF62862CE820094FF63 /* Forecast.swift in Sources */,
				3A785002286425BF0094FF63 /* RemoteWeatherRepository.swift in Sources */,
				3A5AE16B28644B5200DBBC4D /* Natrium.swift in Sources */,
				3A784FFE2862D2480094FF63 /* DailyForecastResponse.swift in Sources */,
			);
			runOnlyForDeploymentPostprocessing = 0;
		};
		3A784FCC2862C3350094FF63 /* Sources */ = {
			isa = PBXSourcesBuildPhase;
			buildActionMask = 2147483647;
			files = (
				3A5AE175286450C200DBBC4D /* DefaultWebRepository+OpenWeatherMaps+Tests.swift in Sources */,
				3A9FD3742864677100134B9A /* DummyError.swift in Sources */,
				3A9FD37028645D5C00134B9A /* StubbedURLProtocol.swift in Sources */,
				3A9FD37128645D5C00134B9A /* URLSession+Stubbed.swift in Sources */,
				3A5AE177286456F500DBBC4D /* DefaultRemoteWeatherRepositoryTests.swift in Sources */,
				3A784FD52862C3350094FF63 /* OpenWeatherMapsTests.swift in Sources */,
				3A9FD36D28645C1A00134B9A /* SpyURLRequestBuildable.swift in Sources */,
				3A5AE1792864572C00DBBC4D /* SpyWebRepository.swift in Sources */,
			);
			runOnlyForDeploymentPostprocessing = 0;
		};
		3A784FD62862C3350094FF63 /* Sources */ = {
			isa = PBXSourcesBuildPhase;
			buildActionMask = 2147483647;
			files = (
				3A784FE12862C3350094FF63 /* OpenWeatherMapsUITestsLaunchTests.swift in Sources */,
				3A784FDF2862C3350094FF63 /* OpenWeatherMapsUITests.swift in Sources */,
			);
			runOnlyForDeploymentPostprocessing = 0;
		};
/* End PBXSourcesBuildPhase section */

/* Begin PBXTargetDependency section */
		3A784FD22862C3350094FF63 /* PBXTargetDependency */ = {
			isa = PBXTargetDependency;
			target = 3A784FB92862C3330094FF63 /* OpenWeatherMaps */;
			targetProxy = 3A784FD12862C3350094FF63 /* PBXContainerItemProxy */;
		};
		3A784FDC2862C3350094FF63 /* PBXTargetDependency */ = {
			isa = PBXTargetDependency;
			target = 3A784FB92862C3330094FF63 /* OpenWeatherMaps */;
			targetProxy = 3A784FDB2862C3350094FF63 /* PBXContainerItemProxy */;
		};
/* End PBXTargetDependency section */

/* Begin PBXVariantGroup section */
		3A784FC32862C3330094FF63 /* Main.storyboard */ = {
			isa = PBXVariantGroup;
			children = (
				3A784FC42862C3330094FF63 /* Base */,
				3A5AE1642864468300DBBC4D /* vi */,
			);
			name = Main.storyboard;
			sourceTree = "<group>";
		};
		3A784FC82862C3350094FF63 /* LaunchScreen.storyboard */ = {
			isa = PBXVariantGroup;
			children = (
				3A784FC92862C3350094FF63 /* Base */,
				3A5AE1652864468300DBBC4D /* vi */,
			);
			name = LaunchScreen.storyboard;
			sourceTree = "<group>";
		};
/* End PBXVariantGroup section */

/* Begin XCBuildConfiguration section */
		3A784FE22862C3350094FF63 /* Debug */ = {
			isa = XCBuildConfiguration;
			buildSettings = {
				ALWAYS_SEARCH_USER_PATHS = NO;
				CLANG_ANALYZER_LOCALIZABILITY_NONLOCALIZED = YES;
				CLANG_ANALYZER_NONNULL = YES;
				CLANG_ANALYZER_NUMBER_OBJECT_CONVERSION = YES_AGGRESSIVE;
				CLANG_CXX_LANGUAGE_STANDARD = "gnu++17";
				CLANG_ENABLE_MODULES = YES;
				CLANG_ENABLE_OBJC_ARC = YES;
				CLANG_ENABLE_OBJC_WEAK = YES;
				CLANG_WARN_BLOCK_CAPTURE_AUTORELEASING = YES;
				CLANG_WARN_BOOL_CONVERSION = YES;
				CLANG_WARN_COMMA = YES;
				CLANG_WARN_CONSTANT_CONVERSION = YES;
				CLANG_WARN_DEPRECATED_OBJC_IMPLEMENTATIONS = YES;
				CLANG_WARN_DIRECT_OBJC_ISA_USAGE = YES_ERROR;
				CLANG_WARN_DOCUMENTATION_COMMENTS = YES;
				CLANG_WARN_EMPTY_BODY = YES;
				CLANG_WARN_ENUM_CONVERSION = YES;
				CLANG_WARN_INFINITE_RECURSION = YES;
				CLANG_WARN_INT_CONVERSION = YES;
				CLANG_WARN_NON_LITERAL_NULL_CONVERSION = YES;
				CLANG_WARN_OBJC_IMPLICIT_RETAIN_SELF = YES;
				CLANG_WARN_OBJC_LITERAL_CONVERSION = YES;
				CLANG_WARN_OBJC_ROOT_CLASS = YES_ERROR;
				CLANG_WARN_QUOTED_INCLUDE_IN_FRAMEWORK_HEADER = YES;
				CLANG_WARN_RANGE_LOOP_ANALYSIS = YES;
				CLANG_WARN_STRICT_PROTOTYPES = YES;
				CLANG_WARN_SUSPICIOUS_MOVE = YES;
				CLANG_WARN_UNGUARDED_AVAILABILITY = YES_AGGRESSIVE;
				CLANG_WARN_UNREACHABLE_CODE = YES;
				CLANG_WARN__DUPLICATE_METHOD_MATCH = YES;
				COPY_PHASE_STRIP = NO;
				DEBUG_INFORMATION_FORMAT = dwarf;
				ENABLE_STRICT_OBJC_MSGSEND = YES;
				ENABLE_TESTABILITY = YES;
				GCC_C_LANGUAGE_STANDARD = gnu11;
				GCC_DYNAMIC_NO_PIC = NO;
				GCC_NO_COMMON_BLOCKS = YES;
				GCC_OPTIMIZATION_LEVEL = 0;
				GCC_PREPROCESSOR_DEFINITIONS = (
					"DEBUG=1",
					"$(inherited)",
				);
				GCC_WARN_64_TO_32_BIT_CONVERSION = YES;
				GCC_WARN_ABOUT_RETURN_TYPE = YES_ERROR;
				GCC_WARN_UNDECLARED_SELECTOR = YES;
				GCC_WARN_UNINITIALIZED_AUTOS = YES_AGGRESSIVE;
				GCC_WARN_UNUSED_FUNCTION = YES;
				GCC_WARN_UNUSED_VARIABLE = YES;
				IPHONEOS_DEPLOYMENT_TARGET = 15.5;
				MTL_ENABLE_DEBUG_INFO = INCLUDE_SOURCE;
				MTL_FAST_MATH = YES;
				ONLY_ACTIVE_ARCH = YES;
				SDKROOT = iphoneos;
				SWIFT_ACTIVE_COMPILATION_CONDITIONS = DEBUG;
				SWIFT_OPTIMIZATION_LEVEL = "-Onone";
			};
			name = Debug;
		};
		3A784FE32862C3350094FF63 /* Release */ = {
			isa = XCBuildConfiguration;
			buildSettings = {
				ALWAYS_SEARCH_USER_PATHS = NO;
				CLANG_ANALYZER_LOCALIZABILITY_NONLOCALIZED = YES;
				CLANG_ANALYZER_NONNULL = YES;
				CLANG_ANALYZER_NUMBER_OBJECT_CONVERSION = YES_AGGRESSIVE;
				CLANG_CXX_LANGUAGE_STANDARD = "gnu++17";
				CLANG_ENABLE_MODULES = YES;
				CLANG_ENABLE_OBJC_ARC = YES;
				CLANG_ENABLE_OBJC_WEAK = YES;
				CLANG_WARN_BLOCK_CAPTURE_AUTORELEASING = YES;
				CLANG_WARN_BOOL_CONVERSION = YES;
				CLANG_WARN_COMMA = YES;
				CLANG_WARN_CONSTANT_CONVERSION = YES;
				CLANG_WARN_DEPRECATED_OBJC_IMPLEMENTATIONS = YES;
				CLANG_WARN_DIRECT_OBJC_ISA_USAGE = YES_ERROR;
				CLANG_WARN_DOCUMENTATION_COMMENTS = YES;
				CLANG_WARN_EMPTY_BODY = YES;
				CLANG_WARN_ENUM_CONVERSION = YES;
				CLANG_WARN_INFINITE_RECURSION = YES;
				CLANG_WARN_INT_CONVERSION = YES;
				CLANG_WARN_NON_LITERAL_NULL_CONVERSION = YES;
				CLANG_WARN_OBJC_IMPLICIT_RETAIN_SELF = YES;
				CLANG_WARN_OBJC_LITERAL_CONVERSION = YES;
				CLANG_WARN_OBJC_ROOT_CLASS = YES_ERROR;
				CLANG_WARN_QUOTED_INCLUDE_IN_FRAMEWORK_HEADER = YES;
				CLANG_WARN_RANGE_LOOP_ANALYSIS = YES;
				CLANG_WARN_STRICT_PROTOTYPES = YES;
				CLANG_WARN_SUSPICIOUS_MOVE = YES;
				CLANG_WARN_UNGUARDED_AVAILABILITY = YES_AGGRESSIVE;
				CLANG_WARN_UNREACHABLE_CODE = YES;
				CLANG_WARN__DUPLICATE_METHOD_MATCH = YES;
				COPY_PHASE_STRIP = NO;
				DEBUG_INFORMATION_FORMAT = "dwarf-with-dsym";
				ENABLE_NS_ASSERTIONS = NO;
				ENABLE_STRICT_OBJC_MSGSEND = YES;
				GCC_C_LANGUAGE_STANDARD = gnu11;
				GCC_NO_COMMON_BLOCKS = YES;
				GCC_WARN_64_TO_32_BIT_CONVERSION = YES;
				GCC_WARN_ABOUT_RETURN_TYPE = YES_ERROR;
				GCC_WARN_UNDECLARED_SELECTOR = YES;
				GCC_WARN_UNINITIALIZED_AUTOS = YES_AGGRESSIVE;
				GCC_WARN_UNUSED_FUNCTION = YES;
				GCC_WARN_UNUSED_VARIABLE = YES;
				IPHONEOS_DEPLOYMENT_TARGET = 15.5;
				MTL_ENABLE_DEBUG_INFO = NO;
				MTL_FAST_MATH = YES;
				SDKROOT = iphoneos;
				SWIFT_COMPILATION_MODE = wholemodule;
				SWIFT_OPTIMIZATION_LEVEL = "-O";
				VALIDATE_PRODUCT = YES;
			};
			name = Release;
		};
		3A784FE52862C3350094FF63 /* Debug */ = {
			isa = XCBuildConfiguration;
			buildSettings = {
				ASSETCATALOG_COMPILER_APPICON_NAME = AppIcon;
				ASSETCATALOG_COMPILER_GLOBAL_ACCENT_COLOR_NAME = AccentColor;
				CODE_SIGN_STYLE = Automatic;
				CURRENT_PROJECT_VERSION = 1;
				DEVELOPMENT_TEAM = SL5372659R;
				GENERATE_INFOPLIST_FILE = YES;
				INFOPLIST_FILE = OpenWeatherMaps/Info.plist;
				INFOPLIST_KEY_CFBundleDisplayName = "OpenWeatherMaps-Development";
				INFOPLIST_KEY_UIApplicationSupportsIndirectInputEvents = YES;
				INFOPLIST_KEY_UILaunchStoryboardName = LaunchScreen;
				INFOPLIST_KEY_UIMainStoryboardFile = Main;
				INFOPLIST_KEY_UISupportedInterfaceOrientations_iPad = "UIInterfaceOrientationPortrait UIInterfaceOrientationPortraitUpsideDown UIInterfaceOrientationLandscapeLeft UIInterfaceOrientationLandscapeRight";
				INFOPLIST_KEY_UISupportedInterfaceOrientations_iPhone = "UIInterfaceOrientationPortrait UIInterfaceOrientationLandscapeLeft UIInterfaceOrientationLandscapeRight";
				LD_RUNPATH_SEARCH_PATHS = (
					"$(inherited)",
					"@executable_path/Frameworks",
				);
				MARKETING_VERSION = 0.0.1;
				PRODUCT_BUNDLE_IDENTIFIER = tphduy.OpenWeatherMaps;
				PRODUCT_NAME = "$(TARGET_NAME)";
				SWIFT_EMIT_LOC_STRINGS = YES;
				SWIFT_VERSION = 5.0;
				TARGETED_DEVICE_FAMILY = "1,2";
			};
			name = Debug;
		};
		3A784FE62862C3350094FF63 /* Release */ = {
			isa = XCBuildConfiguration;
			buildSettings = {
				ASSETCATALOG_COMPILER_APPICON_NAME = AppIcon;
				ASSETCATALOG_COMPILER_GLOBAL_ACCENT_COLOR_NAME = AccentColor;
				CODE_SIGN_STYLE = Automatic;
				CURRENT_PROJECT_VERSION = 1;
				DEVELOPMENT_TEAM = SL5372659R;
				GENERATE_INFOPLIST_FILE = YES;
				INFOPLIST_FILE = OpenWeatherMaps/Info.plist;
				INFOPLIST_KEY_CFBundleDisplayName = "OpenWeatherMaps-Development";
				INFOPLIST_KEY_UIApplicationSupportsIndirectInputEvents = YES;
				INFOPLIST_KEY_UILaunchStoryboardName = LaunchScreen;
				INFOPLIST_KEY_UIMainStoryboardFile = Main;
				INFOPLIST_KEY_UISupportedInterfaceOrientations_iPad = "UIInterfaceOrientationPortrait UIInterfaceOrientationPortraitUpsideDown UIInterfaceOrientationLandscapeLeft UIInterfaceOrientationLandscapeRight";
				INFOPLIST_KEY_UISupportedInterfaceOrientations_iPhone = "UIInterfaceOrientationPortrait UIInterfaceOrientationLandscapeLeft UIInterfaceOrientationLandscapeRight";
				LD_RUNPATH_SEARCH_PATHS = (
					"$(inherited)",
					"@executable_path/Frameworks",
				);
				MARKETING_VERSION = 0.0.1;
				PRODUCT_BUNDLE_IDENTIFIER = tphduy.OpenWeatherMaps;
				PRODUCT_NAME = "$(TARGET_NAME)";
				SWIFT_EMIT_LOC_STRINGS = YES;
				SWIFT_VERSION = 5.0;
				TARGETED_DEVICE_FAMILY = "1,2";
			};
			name = Release;
		};
		3A784FE82862C3350094FF63 /* Debug */ = {
			isa = XCBuildConfiguration;
			buildSettings = {
				ALWAYS_EMBED_SWIFT_STANDARD_LIBRARIES = YES;
				BUNDLE_LOADER = "$(TEST_HOST)";
				CODE_SIGN_STYLE = Automatic;
				CURRENT_PROJECT_VERSION = 1;
				DEVELOPMENT_TEAM = SL5372659R;
				GENERATE_INFOPLIST_FILE = YES;
				IPHONEOS_DEPLOYMENT_TARGET = 15.5;
				MARKETING_VERSION = 1.0;
				PRODUCT_BUNDLE_IDENTIFIER = tphduy.OpenWeatherMapsTests;
				PRODUCT_NAME = "$(TARGET_NAME)";
				SWIFT_EMIT_LOC_STRINGS = NO;
				SWIFT_VERSION = 5.0;
				TARGETED_DEVICE_FAMILY = "1,2";
				TEST_HOST = "$(BUILT_PRODUCTS_DIR)/OpenWeatherMaps.app/OpenWeatherMaps";
			};
			name = Debug;
		};
		3A784FE92862C3350094FF63 /* Release */ = {
			isa = XCBuildConfiguration;
			buildSettings = {
				ALWAYS_EMBED_SWIFT_STANDARD_LIBRARIES = YES;
				BUNDLE_LOADER = "$(TEST_HOST)";
				CODE_SIGN_STYLE = Automatic;
				CURRENT_PROJECT_VERSION = 1;
				DEVELOPMENT_TEAM = SL5372659R;
				GENERATE_INFOPLIST_FILE = YES;
				IPHONEOS_DEPLOYMENT_TARGET = 15.5;
				MARKETING_VERSION = 1.0;
				PRODUCT_BUNDLE_IDENTIFIER = tphduy.OpenWeatherMapsTests;
				PRODUCT_NAME = "$(TARGET_NAME)";
				SWIFT_EMIT_LOC_STRINGS = NO;
				SWIFT_VERSION = 5.0;
				TARGETED_DEVICE_FAMILY = "1,2";
				TEST_HOST = "$(BUILT_PRODUCTS_DIR)/OpenWeatherMaps.app/OpenWeatherMaps";
			};
			name = Release;
		};
		3A784FEB2862C3350094FF63 /* Debug */ = {
			isa = XCBuildConfiguration;
			buildSettings = {
				ALWAYS_EMBED_SWIFT_STANDARD_LIBRARIES = YES;
				CODE_SIGN_STYLE = Automatic;
				CURRENT_PROJECT_VERSION = 1;
				DEVELOPMENT_TEAM = SL5372659R;
				GENERATE_INFOPLIST_FILE = YES;
				MARKETING_VERSION = 1.0;
				PRODUCT_BUNDLE_IDENTIFIER = tphduy.OpenWeatherMapsUITests;
				PRODUCT_NAME = "$(TARGET_NAME)";
				SWIFT_EMIT_LOC_STRINGS = NO;
				SWIFT_VERSION = 5.0;
				TARGETED_DEVICE_FAMILY = "1,2";
				TEST_TARGET_NAME = OpenWeatherMaps;
			};
			name = Debug;
		};
		3A784FEC2862C3350094FF63 /* Release */ = {
			isa = XCBuildConfiguration;
			buildSettings = {
				ALWAYS_EMBED_SWIFT_STANDARD_LIBRARIES = YES;
				CODE_SIGN_STYLE = Automatic;
				CURRENT_PROJECT_VERSION = 1;
				DEVELOPMENT_TEAM = SL5372659R;
				GENERATE_INFOPLIST_FILE = YES;
				MARKETING_VERSION = 1.0;
				PRODUCT_BUNDLE_IDENTIFIER = tphduy.OpenWeatherMapsUITests;
				PRODUCT_NAME = "$(TARGET_NAME)";
				SWIFT_EMIT_LOC_STRINGS = NO;
				SWIFT_VERSION = 5.0;
				TARGETED_DEVICE_FAMILY = "1,2";
				TEST_TARGET_NAME = OpenWeatherMaps;
			};
			name = Release;
		};
/* End XCBuildConfiguration section */

/* Begin XCConfigurationList section */
		3A784FB52862C3330094FF63 /* Build configuration list for PBXProject "OpenWeatherMaps" */ = {
			isa = XCConfigurationList;
			buildConfigurations = (
				3A784FE22862C3350094FF63 /* Debug */,
				3A784FE32862C3350094FF63 /* Release */,
			);
			defaultConfigurationIsVisible = 0;
			defaultConfigurationName = Release;
		};
		3A784FE42862C3350094FF63 /* Build configuration list for PBXNativeTarget "OpenWeatherMaps" */ = {
			isa = XCConfigurationList;
			buildConfigurations = (
				3A784FE52862C3350094FF63 /* Debug */,
				3A784FE62862C3350094FF63 /* Release */,
			);
			defaultConfigurationIsVisible = 0;
			defaultConfigurationName = Release;
		};
		3A784FE72862C3350094FF63 /* Build configuration list for PBXNativeTarget "OpenWeatherMapsTests" */ = {
			isa = XCConfigurationList;
			buildConfigurations = (
				3A784FE82862C3350094FF63 /* Debug */,
				3A784FE92862C3350094FF63 /* Release */,
			);
			defaultConfigurationIsVisible = 0;
			defaultConfigurationName = Release;
		};
		3A784FEA2862C3350094FF63 /* Build configuration list for PBXNativeTarget "OpenWeatherMapsUITests" */ = {
			isa = XCConfigurationList;
			buildConfigurations = (
				3A784FEB2862C3350094FF63 /* Debug */,
				3A784FEC2862C3350094FF63 /* Release */,
			);
			defaultConfigurationIsVisible = 0;
			defaultConfigurationName = Release;
		};
/* End XCConfigurationList section */

/* Begin XCRemoteSwiftPackageReference section */
		3A785003286427140094FF63 /* XCRemoteSwiftPackageReference "Networkable" */ = {
			isa = XCRemoteSwiftPackageReference;
			repositoryURL = "https://github.com/tphduy/Networkable";
			requirement = {
				kind = upToNextMajorVersion;
				minimumVersion = 1.4.0;
			};
		};
/* End XCRemoteSwiftPackageReference section */

/* Begin XCSwiftPackageProductDependency section */
		3A785004286427140094FF63 /* Networkable */ = {
			isa = XCSwiftPackageProductDependency;
			package = 3A785003286427140094FF63 /* XCRemoteSwiftPackageReference "Networkable" */;
			productName = Networkable;
		};
/* End XCSwiftPackageProductDependency section */
	};
	rootObject = 3A784FB22862C3330094FF63 /* Project object */;
}
