{
  "pins" : [
    {
      "identity" : "networkable",
      "kind" : "remoteSourceControl",
      "location" : "https://github.com/tphduy/Networkable",
      "state" : {
        "revision" : "cb9467296833323cb89efc7551539e3684c658cb",
        "version" : "1.4.0"
      }
    }
  ],
  "version" : 2
}
